
Microsoft Visual Studio Solution File, Format Version 12.00
Project("{FAE04EC0-301F-11D3-BF4B-00C04F79EFBC}") = "AndysGameEngineLibrary", "AndysGameEngineLibrary\AndysGameEngineLibrary.csproj", "{AB21DF91-84FC-4EA6-8389-DDBA2A8965DD}"
EndProject
Global
	GlobalSection(SolutionConfigurationPlatforms) = preSolution
		Debug|Any CPU = Debug|Any CPU
		Release|Any CPU = Release|Any CPU
	EndGlobalSection
	GlobalSection(ProjectConfigurationPlatforms) = postSolution
		{AB21DF91-84FC-4EA6-8389-DDBA2A8965DD}.Debug|Any CPU.ActiveCfg = Debug|Any CPU
		{AB21DF91-84FC-4EA6-8389-DDBA2A8965DD}.Debug|Any CPU.Build.0 = Debug|Any CPU
		{AB21DF91-84FC-4EA6-8389-DDBA2A8965DD}.Release|Any CPU.ActiveCfg = Release|Any CPU
		{AB21DF91-84FC-4EA6-8389-DDBA2A8965DD}.Release|Any CPU.Build.0 = Release|Any CPU
	EndGlobalSection
EndGlobal
